
Microsoft Visual Studio Solution File, Format Version 12.00
# Visual Studio Version 17
VisualStudioVersion = 17.0.31903.59
MinimumVisualStudioVersion = 10.0.40219.1
Project("{FAE04EC0-301F-11D3-BF4B-00C04F79EFBC}") = "ISFLab3", "ISFLab3.csproj", "{4532F398-8039-4493-A139-03D0C8A5FABF}"
EndProject
Global
	GlobalSection(SolutionConfigurationPlatforms) = preSolution
		Debug|Any CPU = Debug|Any CPU
		Release|Any CPU = Release|Any CPU
	EndGlobalSection
	GlobalSection(ProjectConfigurationPlatforms) = postSolution
		{4532F398-8039-4493-A139-03D0C8A5FABF}.Debug|Any CPU.ActiveCfg = Debug|Any CPU
		{4532F398-8039-4493-A139-03D0C8A5FABF}.Debug|Any CPU.Build.0 = Debug|Any CPU
		{4532F398-8039-4493-A139-03D0C8A5FABF}.Release|Any CPU.ActiveCfg = Release|Any CPU
		{4532F398-8039-4493-A139-03D0C8A5FABF}.Release|Any CPU.Build.0 = Release|Any CPU
	EndGlobalSection
	GlobalSection(SolutionProperties) = preSolution
		HideSolutionNode = FALSE
	EndGlobalSection
	GlobalSection(ExtensibilityGlobals) = postSolution
		SolutionGuid = {0DAFECE4-DAE3-4842-9656-605D9C0B00C4}
	EndGlobalSection
EndGlobal
